// !$*UTF8*$!
{
	archiveVersion = 1;
	classes = {
	};
	objectVersion = 50;
	objects = {

/* Begin PBXBuildFile section */
		461A2A8825FF044400156CCE /* funcs.swift in Sources */ = {isa = PBXBuildFile; fileRef = 461A2A8725FF044400156CCE /* funcs.swift */; };
		4630F32125F58E5B000F4FC0 /* main.swift in Sources */ = {isa = PBXBuildFile; fileRef = 4630F32025F58E5B000F4FC0 /* main.swift */; };
		4630F32925F58E74000F4FC0 /* momentSolver.swift in Sources */ = {isa = PBXBuildFile; fileRef = 4630F32825F58E74000F4FC0 /* momentSolver.swift */; };
		4630F32E25F58EA0000F4FC0 /* common.swift in Sources */ = {isa = PBXBuildFile; fileRef = 4630F32D25F58EA0000F4FC0 /* common.swift */; };
		466931D625FA38E1000AB9F4 /* centroidSolver.swift in Sources */ = {isa = PBXBuildFile; fileRef = 466931D525FA38E1000AB9F4 /* centroidSolver.swift */; };
		46C1F7272602BCBD00773822 /* equilibriumSolver.swift in Sources */ = {isa = PBXBuildFile; fileRef = 46C1F7262602BCBD00773822 /* equilibriumSolver.swift */; };
		46C6C53226058A7400D1DE48 /* unitConverter.swift in Sources */ = {isa = PBXBuildFile; fileRef = 46C6C53126058A7400D1DE48 /* unitConverter.swift */; };
		46C6C53726058A8600D1DE48 /* units.swift in Sources */ = {isa = PBXBuildFile; fileRef = 46C6C53626058A8600D1DE48 /* units.swift */; };
/* End PBXBuildFile section */

/* Begin PBXCopyFilesBuildPhase section */
		4630F31B25F58E5B000F4FC0 /* CopyFiles */ = {
			isa = PBXCopyFilesBuildPhase;
			buildActionMask = 2147483647;
			dstPath = /usr/share/man/man1/;
			dstSubfolderSpec = 0;
			files = (
			);
			runOnlyForDeploymentPostprocessing = 1;
		};
/* End PBXCopyFilesBuildPhase section */

/* Begin PBXFileReference section */
		461A2A8725FF044400156CCE /* funcs.swift */ = {isa = PBXFileReference; lastKnownFileType = sourcecode.swift; path = funcs.swift; sourceTree = "<group>"; };
		4630F31D25F58E5B000F4FC0 /* ENGGEN121SOLVER */ = {isa = PBXFileReference; explicitFileType = "compiled.mach-o.executable"; includeInIndex = 0; path = ENGGEN121SOLVER; sourceTree = BUILT_PRODUCTS_DIR; };
		4630F32025F58E5B000F4FC0 /* main.swift */ = {isa = PBXFileReference; lastKnownFileType = sourcecode.swift; path = main.swift; sourceTree = "<group>"; };
		4630F32825F58E74000F4FC0 /* momentSolver.swift */ = {isa = PBXFileReference; lastKnownFileType = sourcecode.swift; path = momentSolver.swift; sourceTree = "<group>"; };
		4630F32D25F58EA0000F4FC0 /* common.swift */ = {isa = PBXFileReference; lastKnownFileType = sourcecode.swift; path = common.swift; sourceTree = "<group>"; };
		466931D525FA38E1000AB9F4 /* centroidSolver.swift */ = {isa = PBXFileReference; lastKnownFileType = sourcecode.swift; path = centroidSolver.swift; sourceTree = "<group>"; };
		46C1F7262602BCBD00773822 /* equilibriumSolver.swift */ = {isa = PBXFileReference; lastKnownFileType = sourcecode.swift; path = equilibriumSolver.swift; sourceTree = "<group>"; };
		46C6C53126058A7400D1DE48 /* unitConverter.swift */ = {isa = PBXFileReference; lastKnownFileType = sourcecode.swift; path = unitConverter.swift; sourceTree = "<group>"; };
		46C6C53626058A8600D1DE48 /* units.swift */ = {isa = PBXFileReference; lastKnownFileType = sourcecode.swift; path = units.swift; sourceTree = "<group>"; };
/* End PBXFileReference section */

/* Begin PBXFrameworksBuildPhase section */
		4630F31A25F58E5B000F4FC0 /* Frameworks */ = {
			isa = PBXFrameworksBuildPhase;
			buildActionMask = 2147483647;
			files = (
			);
			runOnlyForDeploymentPostprocessing = 0;
		};
/* End PBXFrameworksBuildPhase section */

/* Begin PBXGroup section */
		461A2A8525FF042200156CCE /* utils */ = {
			isa = PBXGroup;
			children = (
				4630F32D25F58EA0000F4FC0 /* common.swift */,
				461A2A8725FF044400156CCE /* funcs.swift */,
			);
			path = utils;
			sourceTree = "<group>";
		};
		4630F31425F58E5B000F4FC0 = {
			isa = PBXGroup;
			children = (
				4630F31F25F58E5B000F4FC0 /* src */,
				4630F31E25F58E5B000F4FC0 /* Products */,
			);
			sourceTree = "<group>";
		};
		4630F31E25F58E5B000F4FC0 /* Products */ = {
			isa = PBXGroup;
			children = (
				4630F31D25F58E5B000F4FC0 /* ENGGEN121SOLVER */,
			);
			name = Products;
			sourceTree = "<group>";
		};
		4630F31F25F58E5B000F4FC0 /* src */ = {
			isa = PBXGroup;
			children = (
				4630F32025F58E5B000F4FC0 /* main.swift */,
				461A2A8525FF042200156CCE /* utils */,
				4630F32B25F58E87000F4FC0 /* Statics */,
			);
			path = src;
			sourceTree = "<group>";
		};
		4630F32B25F58E87000F4FC0 /* Statics */ = {
			isa = PBXGroup;
			children = (
				4630F32825F58E74000F4FC0 /* momentSolver.swift */,
				466931D525FA38E1000AB9F4 /* centroidSolver.swift */,
				46C1F7262602BCBD00773822 /* equilibriumSolver.swift */,
				46C6C53426058A7800D1DE48 /* unitConverter */,
			);
			path = Statics;
			sourceTree = "<group>";
		};
		46C6C53426058A7800D1DE48 /* unitConverter */ = {
			isa = PBXGroup;
			children = (
				46C6C53126058A7400D1DE48 /* unitConverter.swift */,
				46C6C53626058A8600D1DE48 /* units.swift */,
			);
			path = unitConverter;
			sourceTree = "<group>";
		};
/* End PBXGroup section */

/* Begin PBXNativeTarget section */
		4630F31C25F58E5B000F4FC0 /* ENGGEN121SOLVER */ = {
			isa = PBXNativeTarget;
			buildConfigurationList = 4630F32425F58E5B000F4FC0 /* Build configuration list for PBXNativeTarget "ENGGEN121SOLVER" */;
			buildPhases = (
				4630F31925F58E5B000F4FC0 /* Sources */,
				4630F31A25F58E5B000F4FC0 /* Frameworks */,
				4630F31B25F58E5B000F4FC0 /* CopyFiles */,
			);
			buildRules = (
			);
			dependencies = (
			);
			name = ENGGEN121SOLVER;
			productName = ENGGEN121SOLVER;
			productReference = 4630F31D25F58E5B000F4FC0 /* ENGGEN121SOLVER */;
			productType = "com.apple.product-type.tool";
		};
/* End PBXNativeTarget section */

/* Begin PBXProject section */
		4630F31525F58E5B000F4FC0 /* Project object */ = {
			isa = PBXProject;
			attributes = {
				LastSwiftUpdateCheck = 1240;
				LastUpgradeCheck = 1240;
				TargetAttributes = {
					4630F31C25F58E5B000F4FC0 = {
						CreatedOnToolsVersion = 12.4;
					};
				};
			};
			buildConfigurationList = 4630F31825F58E5B000F4FC0 /* Build configuration list for PBXProject "ENGGEN121SOLVER" */;
			compatibilityVersion = "Xcode 9.3";
			developmentRegion = en;
			hasScannedForEncodings = 0;
			knownRegions = (
				en,
				Base,
			);
			mainGroup = 4630F31425F58E5B000F4FC0;
			productRefGroup = 4630F31E25F58E5B000F4FC0 /* Products */;
			projectDirPath = "";
			projectRoot = "";
			targets = (
				4630F31C25F58E5B000F4FC0 /* ENGGEN121SOLVER */,
			);
		};
/* End PBXProject section */

/* Begin PBXSourcesBuildPhase section */
		4630F31925F58E5B000F4FC0 /* Sources */ = {
			isa = PBXSourcesBuildPhase;
			buildActionMask = 2147483647;
			files = (
				46C6C53226058A7400D1DE48 /* unitConverter.swift in Sources */,
				46C6C53726058A8600D1DE48 /* units.swift in Sources */,
				4630F32925F58E74000F4FC0 /* momentSolver.swift in Sources */,
				4630F32125F58E5B000F4FC0 /* main.swift in Sources */,
				466931D625FA38E1000AB9F4 /* centroidSolver.swift in Sources */,
				46C1F7272602BCBD00773822 /* equilibriumSolver.swift in Sources */,
				4630F32E25F58EA0000F4FC0 /* common.swift in Sources */,
				461A2A8825FF044400156CCE /* funcs.swift in Sources */,
			);
			runOnlyForDeploymentPostprocessing = 0;
		};
/* End PBXSourcesBuildPhase section */

/* Begin XCBuildConfiguration section */
		4630F32225F58E5B000F4FC0 /* Debug */ = {
			isa = XCBuildConfiguration;
			buildSettings = {
				ALWAYS_SEARCH_USER_PATHS = NO;
				CLANG_ANALYZER_NONNULL = YES;
				CLANG_ANALYZER_NUMBER_OBJECT_CONVERSION = YES_AGGRESSIVE;
				CLANG_CXX_LANGUAGE_STANDARD = "gnu++14";
				CLANG_CXX_LIBRARY = "libc++";
				CLANG_ENABLE_MODULES = YES;
				CLANG_ENABLE_OBJC_ARC = YES;
				CLANG_ENABLE_OBJC_WEAK = YES;
				CLANG_WARN_BLOCK_CAPTURE_AUTORELEASING = YES;
				CLANG_WARN_BOOL_CONVERSION = YES;
				CLANG_WARN_COMMA = YES;
				CLANG_WARN_CONSTANT_CONVERSION = YES;
				CLANG_WARN_DEPRECATED_OBJC_IMPLEMENTATIONS = YES;
				CLANG_WARN_DIRECT_OBJC_ISA_USAGE = YES_ERROR;
				CLANG_WARN_DOCUMENTATION_COMMENTS = YES;
				CLANG_WARN_EMPTY_BODY = YES;
				CLANG_WARN_ENUM_CONVERSION = YES;
				CLANG_WARN_INFINITE_RECURSION = YES;
				CLANG_WARN_INT_CONVERSION = YES;
				CLANG_WARN_NON_LITERAL_NULL_CONVERSION = YES;
				CLANG_WARN_OBJC_IMPLICIT_RETAIN_SELF = YES;
				CLANG_WARN_OBJC_LITERAL_CONVERSION = YES;
				CLANG_WARN_OBJC_ROOT_CLASS = YES_ERROR;
				CLANG_WARN_QUOTED_INCLUDE_IN_FRAMEWORK_HEADER = YES;
				CLANG_WARN_RANGE_LOOP_ANALYSIS = YES;
				CLANG_WARN_STRICT_PROTOTYPES = YES;
				CLANG_WARN_SUSPICIOUS_MOVE = YES;
				CLANG_WARN_UNGUARDED_AVAILABILITY = YES_AGGRESSIVE;
				CLANG_WARN_UNREACHABLE_CODE = YES;
				CLANG_WARN__DUPLICATE_METHOD_MATCH = YES;
				COPY_PHASE_STRIP = NO;
				DEBUG_INFORMATION_FORMAT = dwarf;
				ENABLE_STRICT_OBJC_MSGSEND = YES;
				ENABLE_TESTABILITY = YES;
				GCC_C_LANGUAGE_STANDARD = gnu11;
				GCC_DYNAMIC_NO_PIC = NO;
				GCC_NO_COMMON_BLOCKS = YES;
				GCC_OPTIMIZATION_LEVEL = 0;
				GCC_PREPROCESSOR_DEFINITIONS = (
					"DEBUG=1",
					"$(inherited)",
				);
				GCC_WARN_64_TO_32_BIT_CONVERSION = YES;
				GCC_WARN_ABOUT_RETURN_TYPE = YES_ERROR;
				GCC_WARN_UNDECLARED_SELECTOR = YES;
				GCC_WARN_UNINITIALIZED_AUTOS = YES_AGGRESSIVE;
				GCC_WARN_UNUSED_FUNCTION = YES;
				GCC_WARN_UNUSED_VARIABLE = YES;
				MACOSX_DEPLOYMENT_TARGET = 11.1;
				MTL_ENABLE_DEBUG_INFO = INCLUDE_SOURCE;
				MTL_FAST_MATH = YES;
				ONLY_ACTIVE_ARCH = YES;
				SDKROOT = macosx;
				SWIFT_ACTIVE_COMPILATION_CONDITIONS = DEBUG;
				SWIFT_OPTIMIZATION_LEVEL = "-Onone";
			};
			name = Debug;
		};
		4630F32325F58E5B000F4FC0 /* Release */ = {
			isa = XCBuildConfiguration;
			buildSettings = {
				ALWAYS_SEARCH_USER_PATHS = NO;
				CLANG_ANALYZER_NONNULL = YES;
				CLANG_ANALYZER_NUMBER_OBJECT_CONVERSION = YES_AGGRESSIVE;
				CLANG_CXX_LANGUAGE_STANDARD = "gnu++14";
				CLANG_CXX_LIBRARY = "libc++";
				CLANG_ENABLE_MODULES = YES;
				CLANG_ENABLE_OBJC_ARC = YES;
				CLANG_ENABLE_OBJC_WEAK = YES;
				CLANG_WARN_BLOCK_CAPTURE_AUTORELEASING = YES;
				CLANG_WARN_BOOL_CONVERSION = YES;
				CLANG_WARN_COMMA = YES;
				CLANG_WARN_CONSTANT_CONVERSION = YES;
				CLANG_WARN_DEPRECATED_OBJC_IMPLEMENTATIONS = YES;
				CLANG_WARN_DIRECT_OBJC_ISA_USAGE = YES_ERROR;
				CLANG_WARN_DOCUMENTATION_COMMENTS = YES;
				CLANG_WARN_EMPTY_BODY = YES;
				CLANG_WARN_ENUM_CONVERSION = YES;
				CLANG_WARN_INFINITE_RECURSION = YES;
				CLANG_WARN_INT_CONVERSION = YES;
				CLANG_WARN_NON_LITERAL_NULL_CONVERSION = YES;
				CLANG_WARN_OBJC_IMPLICIT_RETAIN_SELF = YES;
				CLANG_WARN_OBJC_LITERAL_CONVERSION = YES;
				CLANG_WARN_OBJC_ROOT_CLASS = YES_ERROR;
				CLANG_WARN_QUOTED_INCLUDE_IN_FRAMEWORK_HEADER = YES;
				CLANG_WARN_RANGE_LOOP_ANALYSIS = YES;
				CLANG_WARN_STRICT_PROTOTYPES = YES;
				CLANG_WARN_SUSPICIOUS_MOVE = YES;
				CLANG_WARN_UNGUARDED_AVAILABILITY = YES_AGGRESSIVE;
				CLANG_WARN_UNREACHABLE_CODE = YES;
				CLANG_WARN__DUPLICATE_METHOD_MATCH = YES;
				COPY_PHASE_STRIP = NO;
				DEBUG_INFORMATION_FORMAT = "dwarf-with-dsym";
				ENABLE_NS_ASSERTIONS = NO;
				ENABLE_STRICT_OBJC_MSGSEND = YES;
				GCC_C_LANGUAGE_STANDARD = gnu11;
				GCC_NO_COMMON_BLOCKS = YES;
				GCC_WARN_64_TO_32_BIT_CONVERSION = YES;
				GCC_WARN_ABOUT_RETURN_TYPE = YES_ERROR;
				GCC_WARN_UNDECLARED_SELECTOR = YES;
				GCC_WARN_UNINITIALIZED_AUTOS = YES_AGGRESSIVE;
				GCC_WARN_UNUSED_FUNCTION = YES;
				GCC_WARN_UNUSED_VARIABLE = YES;
				MACOSX_DEPLOYMENT_TARGET = 11.1;
				MTL_ENABLE_DEBUG_INFO = NO;
				MTL_FAST_MATH = YES;
				SDKROOT = macosx;
				SWIFT_COMPILATION_MODE = wholemodule;
				SWIFT_OPTIMIZATION_LEVEL = "-O";
			};
			name = Release;
		};
		4630F32525F58E5B000F4FC0 /* Debug */ = {
			isa = XCBuildConfiguration;
			buildSettings = {
				CODE_SIGN_STYLE = Automatic;
				DEVELOPMENT_TEAM = 9MP5435PRF;
				ENABLE_HARDENED_RUNTIME = YES;
				PRODUCT_NAME = "$(TARGET_NAME)";
				SWIFT_VERSION = 5.0;
			};
			name = Debug;
		};
		4630F32625F58E5B000F4FC0 /* Release */ = {
			isa = XCBuildConfiguration;
			buildSettings = {
				CODE_SIGN_STYLE = Automatic;
				DEVELOPMENT_TEAM = 9MP5435PRF;
				ENABLE_HARDENED_RUNTIME = YES;
				PRODUCT_NAME = "$(TARGET_NAME)";
				SWIFT_VERSION = 5.0;
			};
			name = Release;
		};
/* End XCBuildConfiguration section */

/* Begin XCConfigurationList section */
		4630F31825F58E5B000F4FC0 /* Build configuration list for PBXProject "ENGGEN121SOLVER" */ = {
			isa = XCConfigurationList;
			buildConfigurations = (
				4630F32225F58E5B000F4FC0 /* Debug */,
				4630F32325F58E5B000F4FC0 /* Release */,
			);
			defaultConfigurationIsVisible = 0;
			defaultConfigurationName = Release;
		};
		4630F32425F58E5B000F4FC0 /* Build configuration list for PBXNativeTarget "ENGGEN121SOLVER" */ = {
			isa = XCConfigurationList;
			buildConfigurations = (
				4630F32525F58E5B000F4FC0 /* Debug */,
				4630F32625F58E5B000F4FC0 /* Release */,
			);
			defaultConfigurationIsVisible = 0;
			defaultConfigurationName = Release;
		};
/* End XCConfigurationList section */
	};
	rootObject = 4630F31525F58E5B000F4FC0 /* Project object */;
}
